Microsoft Visual Studio Solution File, Format Version 12.00
# Visual Studio Version 17
VisualStudioVersion = 17.7.34031.279
MinimumVisualStudioVersion = 10.0.40219.1
Project("{8BC9CEB8-8B4A-11D0-8D11-00A0C91BC942}") = "loader", "GDRVLoader.vcxproj", "{C2F662DB-3ED6-47EE-A331-2EBE11AA36C3}"
EndProject
Project("{8BC9CEB8-8B4A-11D0-8D11-00A0C91BC942}") = "installer", "NOP\installer\installer.vcxproj", "{592D31AB-A734-4DEE-B85F-57BB67759963}"
EndProject
Project("{8BC9CEB8-8B4A-11D0-8D11-00A0C91BC942}") = "worker", "NOP\worker\worker.vcxproj", "{8480DA70-45E9-4D91-A89C-24B27D0F4924}"
EndProject
Project("{9A19103F-16F7-4668-BE54-9A1E7A4F7556}") = "gui", "NOP\gui\gui.csproj", "{E109B8FE-CAD8-466A-9502-9AD85ED78B45}"
	ProjectSection(ProjectDependencies) = postProject
		{592D31AB-A734-4DEE-B85F-57BB67759963} = {592D31AB-A734-4DEE-B85F-57BB67759963}
		{8480DA70-45E9-4D91-A89C-24B27D0F4924} = {8480DA70-45E9-4D91-A89C-24B27D0F4924}
		{AAFAF49F-EE20-4E9F-AE53-5254457AB141} = {AAFAF49F-EE20-4E9F-AE53-5254457AB141}
		{C2F662DB-3ED6-47EE-A331-2EBE11AA36C3} = {C2F662DB-3ED6-47EE-A331-2EBE11AA36C3}
	EndProjectSection
EndProject
Project("{8BC9CEB8-8B4A-11D0-8D11-00A0C91BC942}") = "loader2", "NOP\loader2\DSE-Patcher.vcxproj", "{AAFAF49F-EE20-4E9F-AE53-5254457AB141}"
EndProject
Global
	GlobalSection(SolutionConfigurationPlatforms) = preSolution
		Debug|Any CPU = Debug|Any CPU
		Debug|ARM64 = Debug|ARM64
		Debug|x64 = Debug|x64
		Debug|x86 = Debug|x86
		Release|Any CPU = Release|Any CPU
		Release|ARM64 = Release|ARM64
		Release|x64 = Release|x64
		Release|x86 = Release|x86
	EndGlobalSection
	GlobalSection(ProjectConfigurationPlatforms) = postSolution
		{C2F662DB-3ED6-47EE-A331-2EBE11AA36C3}.Debug|Any CPU.ActiveCfg = Debug|x64
		{C2F662DB-3ED6-47EE-A331-2EBE11AA36C3}.Debug|Any CPU.Build.0 = Debug|x64
		{C2F662DB-3ED6-47EE-A331-2EBE11AA36C3}.Debug|ARM64.ActiveCfg = Debug|x64
		{C2F662DB-3ED6-47EE-A331-2EBE11AA36C3}.Debug|ARM64.Build.0 = Debug|x64
		{C2F662DB-3ED6-47EE-A331-2EBE11AA36C3}.Debug|x64.ActiveCfg = Release|x64
		{C2F662DB-3ED6-47EE-A331-2EBE11AA36C3}.Debug|x64.Build.0 = Release|x64
		{C2F662DB-3ED6-47EE-A331-2EBE11AA36C3}.Debug|x86.ActiveCfg = Debug|x64
		{C2F662DB-3ED6-47EE-A331-2EBE11AA36C3}.Debug|x86.Build.0 = Debug|x64
		{C2F662DB-3ED6-47EE-A331-2EBE11AA36C3}.Release|Any CPU.ActiveCfg = Release|x64
		{C2F662DB-3ED6-47EE-A331-2EBE11AA36C3}.Release|Any CPU.Build.0 = Release|x64
		{C2F662DB-3ED6-47EE-A331-2EBE11AA36C3}.Release|ARM64.ActiveCfg = Release|x64
		{C2F662DB-3ED6-47EE-A331-2EBE11AA36C3}.Release|ARM64.Build.0 = Release|x64
		{C2F662DB-3ED6-47EE-A331-2EBE11AA36C3}.Release|x64.ActiveCfg = Release|x64
		{C2F662DB-3ED6-47EE-A331-2EBE11AA36C3}.Release|x64.Build.0 = Release|x64
		{C2F662DB-3ED6-47EE-A331-2EBE11AA36C3}.Release|x86.ActiveCfg = Release|x64
		{C2F662DB-3ED6-47EE-A331-2EBE11AA36C3}.Release|x86.Build.0 = Release|x64
		{592D31AB-A734-4DEE-B85F-57BB67759963}.Debug|Any CPU.ActiveCfg = Debug|x64
		{592D31AB-A734-4DEE-B85F-57BB67759963}.Debug|Any CPU.Build.0 = Debug|x64
		{592D31AB-A734-4DEE-B85F-57BB67759963}.Debug|ARM64.ActiveCfg = Debug|ARM64
		{592D31AB-A734-4DEE-B85F-57BB67759963}.Debug|ARM64.Build.0 = Debug|ARM64
		{592D31AB-A734-4DEE-B85F-57BB67759963}.Debug|x64.ActiveCfg = Debug|x64
		{592D31AB-A734-4DEE-B85F-57BB67759963}.Debug|x64.Build.0 = Debug|x64
		{592D31AB-A734-4DEE-B85F-57BB67759963}.Debug|x86.ActiveCfg = Debug|x64
		{592D31AB-A734-4DEE-B85F-57BB67759963}.Debug|x86.Build.0 = Debug|x64
		{592D31AB-A734-4DEE-B85F-57BB67759963}.Release|Any CPU.ActiveCfg = Release|x64
		{592D31AB-A734-4DEE-B85F-57BB67759963}.Release|Any CPU.Build.0 = Release|x64
		{592D31AB-A734-4DEE-B85F-57BB67759963}.Release|ARM64.ActiveCfg = Release|ARM64
		{592D31AB-A734-4DEE-B85F-57BB67759963}.Release|ARM64.Build.0 = Release|ARM64
		{592D31AB-A734-4DEE-B85F-57BB67759963}.Release|x64.ActiveCfg = Release|x64
		{592D31AB-A734-4DEE-B85F-57BB67759963}.Release|x64.Build.0 = Release|x64
		{592D31AB-A734-4DEE-B85F-57BB67759963}.Release|x86.ActiveCfg = Release|x64
		{592D31AB-A734-4DEE-B85F-57BB67759963}.Release|x86.Build.0 = Release|x64
		{8480DA70-45E9-4D91-A89C-24B27D0F4924}.Debug|Any CPU.ActiveCfg = Debug|x64
		{8480DA70-45E9-4D91-A89C-24B27D0F4924}.Debug|Any CPU.Build.0 = Debug|x64
		{8480DA70-45E9-4D91-A89C-24B27D0F4924}.Debug|ARM64.ActiveCfg = Debug|x64
		{8480DA70-45E9-4D91-A89C-24B27D0F4924}.Debug|ARM64.Build.0 = Debug|x64
		{8480DA70-45E9-4D91-A89C-24B27D0F4924}.Debug|x64.ActiveCfg = Debug|x64
		{8480DA70-45E9-4D91-A89C-24B27D0F4924}.Debug|x64.Build.0 = Debug|x64
		{8480DA70-45E9-4D91-A89C-24B27D0F4924}.Debug|x86.ActiveCfg = Debug|Win32
		{8480DA70-45E9-4D91-A89C-24B27D0F4924}.Debug|x86.Build.0 = Debug|Win32
		{8480DA70-45E9-4D91-A89C-24B27D0F4924}.Release|Any CPU.ActiveCfg = Release|x64
		{8480DA70-45E9-4D91-A89C-24B27D0F4924}.Release|Any CPU.Build.0 = Release|x64
		{8480DA70-45E9-4D91-A89C-24B27D0F4924}.Release|ARM64.ActiveCfg = Release|x64
		{8480DA70-45E9-4D91-A89C-24B27D0F4924}.Release|ARM64.Build.0 = Release|x64
		{8480DA70-45E9-4D91-A89C-24B27D0F4924}.Release|x64.ActiveCfg = Release|x64
		{8480DA70-45E9-4D91-A89C-24B27D0F4924}.Release|x64.Build.0 = Release|x64
		{8480DA70-45E9-4D91-A89C-24B27D0F4924}.Release|x86.ActiveCfg = Release|Win32
		{8480DA70-45E9-4D91-A89C-24B27D0F4924}.Release|x86.Build.0 = Release|Win32
		{E109B8FE-CAD8-466A-9502-9AD85ED78B45}.Debug|Any CPU.ActiveCfg = Debug|Any CPU
		{E109B8FE-CAD8-466A-9502-9AD85ED78B45}.Debug|Any CPU.Build.0 = Debug|Any CPU
		{E109B8FE-CAD8-466A-9502-9AD85ED78B45}.Debug|ARM64.ActiveCfg = Debug|Any CPU
		{E109B8FE-CAD8-466A-9502-9AD85ED78B45}.Debug|ARM64.Build.0 = Debug|Any CPU
		{E109B8FE-CAD8-466A-9502-9AD85ED78B45}.Debug|x64.ActiveCfg = Debug|Any CPU
		{E109B8FE-CAD8-466A-9502-9AD85ED78B45}.Debug|x64.Build.0 = Debug|Any CPU
		{E109B8FE-CAD8-466A-9502-9AD85ED78B45}.Debug|x86.ActiveCfg = Debug|Any CPU
		{E109B8FE-CAD8-466A-9502-9AD85ED78B45}.Debug|x86.Build.0 = Debug|Any CPU
		{E109B8FE-CAD8-466A-9502-9AD85ED78B45}.Release|Any CPU.ActiveCfg = Release|Any CPU
		{E109B8FE-CAD8-466A-9502-9AD85ED78B45}.Release|Any CPU.Build.0 = Release|Any CPU
		{E109B8FE-CAD8-466A-9502-9AD85ED78B45}.Release|ARM64.ActiveCfg = Release|Any CPU
		{E109B8FE-CAD8-466A-9502-9AD85ED78B45}.Release|ARM64.Build.0 = Release|Any CPU
		{E109B8FE-CAD8-466A-9502-9AD85ED78B45}.Release|x64.ActiveCfg = Release|Any CPU
		{E109B8FE-CAD8-466A-9502-9AD85ED78B45}.Release|x64.Build.0 = Release|Any CPU
		{E109B8FE-CAD8-466A-9502-9AD85ED78B45}.Release|x86.ActiveCfg = Release|Any CPU
		{E109B8FE-CAD8-466A-9502-9AD85ED78B45}.Release|x86.Build.0 = Release|Any CPU
		{AAFAF49F-EE20-4E9F-AE53-5254457AB141}.Debug|Any CPU.ActiveCfg = Debug|x64
		{AAFAF49F-EE20-4E9F-AE53-5254457AB141}.Debug|Any CPU.Build.0 = Debug|x64
		{AAFAF49F-EE20-4E9F-AE53-5254457AB141}.Debug|ARM64.ActiveCfg = Debug|x64
		{AAFAF49F-EE20-4E9F-AE53-5254457AB141}.Debug|ARM64.Build.0 = Debug|x64
		{AAFAF49F-EE20-4E9F-AE53-5254457AB141}.Debug|x64.ActiveCfg = Debug|x64
		{AAFAF49F-EE20-4E9F-AE53-5254457AB141}.Debug|x64.Build.0 = Debug|x64
		{AAFAF49F-EE20-4E9F-AE53-5254457AB141}.Debug|x86.ActiveCfg = Debug|Win32
		{AAFAF49F-EE20-4E9F-AE53-5254457AB141}.Debug|x86.Build.0 = Debug|Win32
		{AAFAF49F-EE20-4E9F-AE53-5254457AB141}.Release|Any CPU.ActiveCfg = Release|x64
		{AAFAF49F-EE20-4E9F-AE53-5254457AB141}.Release|Any CPU.Build.0 = Release|x64
		{AAFAF49F-EE20-4E9F-AE53-5254457AB141}.Release|ARM64.ActiveCfg = Release|x64
		{AAFAF49F-EE20-4E9F-AE53-5254457AB141}.Release|ARM64.Build.0 = Release|x64
		{AAFAF49F-EE20-4E9F-AE53-5254457AB141}.Release|x64.ActiveCfg = Release|x64
		{AAFAF49F-EE20-4E9F-AE53-5254457AB141}.Release|x64.Build.0 = Release|x64
		{AAFAF49F-EE20-4E9F-AE53-5254457AB141}.Release|x86.ActiveCfg = Release|Win32
		{AAFAF49F-EE20-4E9F-AE53-5254457AB141}.Release|x86.Build.0 = Release|Win32
	EndGlobalSection
	GlobalSection(SolutionProperties) = preSolution
		HideSolutionNode = FALSE
	EndGlobalSection
	GlobalSection(ExtensibilityGlobals) = postSolution
		SolutionGuid = {6CF0B89F-CA44-455A-9863-248A94FC4698}
	EndGlobalSection
EndGlobal
